
Microsoft Visual Studio Solution File, Format Version 12.00
# Visual Studio Version 17
VisualStudioVersion = 17.3.32929.385
MinimumVisualStudioVersion = 10.0.40219.1
Project("{FAE04EC0-301F-11D3-BF4B-00C04F79EFBC}") = "e6-dijkstra's_algorithm", "e6-dijkstra's_algorithm\e6-dijkstra's_algorithm.csproj", "{3299BA66-E354-46B1-88E6-C48C4A1D049A}"
EndProject
Global
	GlobalSection(SolutionConfigurationPlatforms) = preSolution
		Debug|Any CPU = Debug|Any CPU
		Release|Any CPU = Release|Any CPU
	EndGlobalSection
	GlobalSection(ProjectConfigurationPlatforms) = postSolution
		{3299BA66-E354-46B1-88E6-C48C4A1D049A}.Debug|Any CPU.ActiveCfg = Debug|Any CPU
		{3299BA66-E354-46B1-88E6-C48C4A1D049A}.Debug|Any CPU.Build.0 = Debug|Any CPU
		{3299BA66-E354-46B1-88E6-C48C4A1D049A}.Release|Any CPU.ActiveCfg = Release|Any CPU
		{3299BA66-E354-46B1-88E6-C48C4A1D049A}.Release|Any CPU.Build.0 = Release|Any CPU
	EndGlobalSection
	GlobalSection(SolutionProperties) = preSolution
		HideSolutionNode = FALSE
	EndGlobalSection
	GlobalSection(ExtensibilityGlobals) = postSolution
		SolutionGuid = {0E795953-D13F-49C0-9742-7FBE02559369}
	EndGlobalSection
EndGlobal
