
Microsoft Visual Studio Solution File, Format Version 12.00
# Visual Studio Version 17
VisualStudioVersion = 17.4.33110.190
MinimumVisualStudioVersion = 10.0.40219.1
Project("{FAE04EC0-301F-11D3-BF4B-00C04F79EFBC}") = "e9-bubblesort_algorithm", "e9-bubblesort_algorithm\e9-bubblesort_algorithm.csproj", "{496CB097-ACE4-4F3F-9988-886F4F97DE1C}"
EndProject
Global
	GlobalSection(SolutionConfigurationPlatforms) = preSolution
		Debug|Any CPU = Debug|Any CPU
		Release|Any CPU = Release|Any CPU
	EndGlobalSection
	GlobalSection(ProjectConfigurationPlatforms) = postSolution
		{496CB097-ACE4-4F3F-9988-886F4F97DE1C}.Debug|Any CPU.ActiveCfg = Debug|Any CPU
		{496CB097-ACE4-4F3F-9988-886F4F97DE1C}.Debug|Any CPU.Build.0 = Debug|Any CPU
		{496CB097-ACE4-4F3F-9988-886F4F97DE1C}.Release|Any CPU.ActiveCfg = Release|Any CPU
		{496CB097-ACE4-4F3F-9988-886F4F97DE1C}.Release|Any CPU.Build.0 = Release|Any CPU
	EndGlobalSection
	GlobalSection(SolutionProperties) = preSolution
		HideSolutionNode = FALSE
	EndGlobalSection
	GlobalSection(ExtensibilityGlobals) = postSolution
		SolutionGuid = {4C9FEB38-B541-49E8-B141-BD96CC8AC315}
	EndGlobalSection
EndGlobal
