
Microsoft Visual Studio Solution File, Format Version 12.00
# Visual Studio Version 17
VisualStudioVersion = 17.3.32922.545
MinimumVisualStudioVersion = 10.0.40219.1
Project("{FAE04EC0-301F-11D3-BF4B-00C04F79EFBC}") = "e3-fifo_first-in-first-out", "e3-fifo_first-in-first-out\e3-fifo_first-in-first-out.csproj", "{D07BB324-3DD1-45D3-8ED7-400274AA8125}"
EndProject
Global
	GlobalSection(SolutionConfigurationPlatforms) = preSolution
		Debug|Any CPU = Debug|Any CPU
		Release|Any CPU = Release|Any CPU
	EndGlobalSection
	GlobalSection(ProjectConfigurationPlatforms) = postSolution
		{D07BB324-3DD1-45D3-8ED7-400274AA8125}.Debug|Any CPU.ActiveCfg = Debug|Any CPU
		{D07BB324-3DD1-45D3-8ED7-400274AA8125}.Debug|Any CPU.Build.0 = Debug|Any CPU
		{D07BB324-3DD1-45D3-8ED7-400274AA8125}.Release|Any CPU.ActiveCfg = Release|Any CPU
		{D07BB324-3DD1-45D3-8ED7-400274AA8125}.Release|Any CPU.Build.0 = Release|Any CPU
	EndGlobalSection
	GlobalSection(SolutionProperties) = preSolution
		HideSolutionNode = FALSE
	EndGlobalSection
	GlobalSection(ExtensibilityGlobals) = postSolution
		SolutionGuid = {C82AD94B-81CD-4200-A7C4-1B9CDB3E05E4}
	EndGlobalSection
EndGlobal
