
Microsoft Visual Studio Solution File, Format Version 12.00
# Visual Studio Version 17
VisualStudioVersion = 17.3.32929.385
MinimumVisualStudioVersion = 10.0.40219.1
Project("{FAE04EC0-301F-11D3-BF4B-00C04F79EFBC}") = "e5-quicksort_algorithm", "e5-quicksort_algorithm\e5-quicksort_algorithm.csproj", "{B742B99D-7E5E-46E0-A9BA-C8107B761CA3}"
EndProject
Global
	GlobalSection(SolutionConfigurationPlatforms) = preSolution
		Debug|Any CPU = Debug|Any CPU
		Release|Any CPU = Release|Any CPU
	EndGlobalSection
	GlobalSection(ProjectConfigurationPlatforms) = postSolution
		{B742B99D-7E5E-46E0-A9BA-C8107B761CA3}.Debug|Any CPU.ActiveCfg = Debug|Any CPU
		{B742B99D-7E5E-46E0-A9BA-C8107B761CA3}.Debug|Any CPU.Build.0 = Debug|Any CPU
		{B742B99D-7E5E-46E0-A9BA-C8107B761CA3}.Release|Any CPU.ActiveCfg = Release|Any CPU
		{B742B99D-7E5E-46E0-A9BA-C8107B761CA3}.Release|Any CPU.Build.0 = Release|Any CPU
	EndGlobalSection
	GlobalSection(SolutionProperties) = preSolution
		HideSolutionNode = FALSE
	EndGlobalSection
	GlobalSection(ExtensibilityGlobals) = postSolution
		SolutionGuid = {B86B9E6E-E06F-4DB4-954C-A354FE45386D}
	EndGlobalSection
EndGlobal
